// !$*UTF8*$!
{
	archiveVersion = 1;
	classes = {
	};
	objectVersion = 50;
	objects = {

/* Begin PBXBuildFile section */
		FC16964321D1F8C100C48487 /* AppDelegate.swift in Sources */ = {isa = PBXBuildFile; fileRef = FC16964221D1F8C100C48487 /* AppDelegate.swift */; };
		FC16964521D1F8C100C48487 /* ViewController.swift in Sources */ = {isa = PBXBuildFile; fileRef = FC16964421D1F8C100C48487 /* ViewController.swift */; };
		FC16964821D1F8C100C48487 /* Main.storyboard in Resources */ = {isa = PBXBuildFile; fileRef = FC16964621D1F8C100C48487 /* Main.storyboard */; };
		FC16964A21D1F8C300C48487 /* Assets.xcassets in Resources */ = {isa = PBXBuildFile; fileRef = FC16964921D1F8C300C48487 /* Assets.xcassets */; };
		FC16964D21D1F8C300C48487 /* LaunchScreen.storyboard in Resources */ = {isa = PBXBuildFile; fileRef = FC16964B21D1F8C300C48487 /* LaunchScreen.storyboard */; };
		FC16966E21D1F99B00C48487 /* SQLite.framework in Frameworks */ = {isa = PBXBuildFile; fileRef = FC16966021D1F98500C48487 /* SQLite.framework */; };
		FC16966F21D1F9AE00C48487 /* SQLite.framework in Frameworks */ = {isa = PBXBuildFile; fileRef = FC16966021D1F98500C48487 /* SQLite.framework */; };
		FC16967021D1F9AE00C48487 /* SQLite.framework in Embed Frameworks */ = {isa = PBXBuildFile; fileRef = FC16966021D1F98500C48487 /* SQLite.framework */; settings = {ATTRIBUTES = (CodeSignOnCopy, RemoveHeadersOnCopy, ); }; };
		FC16967821D3230D00C48487 /* msds.db in Resources */ = {isa = PBXBuildFile; fileRef = FC16967721D3230D00C48487 /* msds.db */; };
/* End PBXBuildFile section */

/* Begin PBXContainerItemProxy section */
		FC16965F21D1F98500C48487 /* PBXContainerItemProxy */ = {
			isa = PBXContainerItemProxy;
			containerPortal = FC16965521D1F98400C48487 /* SQLite.xcodeproj */;
			proxyType = 2;
			remoteGlobalIDString = EE247AD31C3F04ED00AE3E12;
			remoteInfo = "SQLite iOS";
		};
		FC16966121D1F98500C48487 /* PBXContainerItemProxy */ = {
			isa = PBXContainerItemProxy;
			containerPortal = FC16965521D1F98400C48487 /* SQLite.xcodeproj */;
			proxyType = 2;
			remoteGlobalIDString = EE247ADD1C3F04ED00AE3E12;
			remoteInfo = "SQLiteTests iOS";
		};
		FC16966321D1F98500C48487 /* PBXContainerItemProxy */ = {
			isa = PBXContainerItemProxy;
			containerPortal = FC16965521D1F98400C48487 /* SQLite.xcodeproj */;
			proxyType = 2;
			remoteGlobalIDString = EE247B3C1C3F3ED000AE3E12;
			remoteInfo = "SQLite Mac";
		};
		FC16966521D1F98500C48487 /* PBXContainerItemProxy */ = {
			isa = PBXContainerItemProxy;
			containerPortal = FC16965521D1F98400C48487 /* SQLite.xcodeproj */;
			proxyType = 2;
			remoteGlobalIDString = EE247B451C3F3ED000AE3E12;
			remoteInfo = "SQLiteTests Mac";
		};
		FC16966721D1F98500C48487 /* PBXContainerItemProxy */ = {
			isa = PBXContainerItemProxy;
			containerPortal = FC16965521D1F98400C48487 /* SQLite.xcodeproj */;
			proxyType = 2;
			remoteGlobalIDString = 03A65E5A1C6BB0F50062603F;
			remoteInfo = "SQLite tvOS";
		};
		FC16966921D1F98500C48487 /* PBXContainerItemProxy */ = {
			isa = PBXContainerItemProxy;
			containerPortal = FC16965521D1F98400C48487 /* SQLite.xcodeproj */;
			proxyType = 2;
			remoteGlobalIDString = 03A65E631C6BB0F60062603F;
			remoteInfo = "SQLiteTests tvOS";
		};
		FC16966B21D1F98500C48487 /* PBXContainerItemProxy */ = {
			isa = PBXContainerItemProxy;
			containerPortal = FC16965521D1F98400C48487 /* SQLite.xcodeproj */;
			proxyType = 2;
			remoteGlobalIDString = A121AC451CA35C79005A31D1;
			remoteInfo = "SQLite watchOS";
		};
		FC16967121D1F9AE00C48487 /* PBXContainerItemProxy */ = {
			isa = PBXContainerItemProxy;
			containerPortal = FC16965521D1F98400C48487 /* SQLite.xcodeproj */;
			proxyType = 1;
			remoteGlobalIDString = EE247AD21C3F04ED00AE3E12;
			remoteInfo = "SQLite iOS";
		};
/* End PBXContainerItemProxy section */

/* Begin PBXCopyFilesBuildPhase section */
		FC16967321D1F9AE00C48487 /* Embed Frameworks */ = {
			isa = PBXCopyFilesBuildPhase;
			buildActionMask = 2147483647;
			dstPath = "";
			dstSubfolderSpec = 10;
			files = (
				FC16967021D1F9AE00C48487 /* SQLite.framework in Embed Frameworks */,
			);
			name = "Embed Frameworks";
			runOnlyForDeploymentPostprocessing = 0;
		};
/* End PBXCopyFilesBuildPhase section */

/* Begin PBXFileReference section */
		FC16963F21D1F8C100C48487 /* MSDS.app */ = {isa = PBXFileReference; explicitFileType = wrapper.application; includeInIndex = 0; path = MSDS.app; sourceTree = BUILT_PRODUCTS_DIR; };
		FC16964221D1F8C100C48487 /* AppDelegate.swift */ = {isa = PBXFileReference; lastKnownFileType = sourcecode.swift; path = AppDelegate.swift; sourceTree = "<group>"; };
		FC16964421D1F8C100C48487 /* ViewController.swift */ = {isa = PBXFileReference; lastKnownFileType = sourcecode.swift; path = ViewController.swift; sourceTree = "<group>"; };
		FC16964721D1F8C100C48487 /* Base */ = {isa = PBXFileReference; lastKnownFileType = file.storyboard; name = Base; path = Base.lproj/Main.storyboard; sourceTree = "<group>"; };
		FC16964921D1F8C300C48487 /* Assets.xcassets */ = {isa = PBXFileReference; lastKnownFileType = folder.assetcatalog; path = Assets.xcassets; sourceTree = "<group>"; };
		FC16964C21D1F8C300C48487 /* Base */ = {isa = PBXFileReference; lastKnownFileType = file.storyboard; name = Base; path = Base.lproj/LaunchScreen.storyboard; sourceTree = "<group>"; };
		FC16964E21D1F8C300C48487 /* Info.plist */ = {isa = PBXFileReference; lastKnownFileType = text.plist.xml; path = Info.plist; sourceTree = "<group>"; };
		FC16965521D1F98400C48487 /* SQLite.xcodeproj */ = {isa = PBXFileReference; lastKnownFileType = "wrapper.pb-project"; name = SQLite.xcodeproj; path = "../../Desktop/SQLite.swift-master/SQLite.xcodeproj"; sourceTree = "<group>"; };
		FC16967721D3230D00C48487 /* msds.db */ = {isa = PBXFileReference; lastKnownFileType = file; name = msds.db; path = ../../../example/msds.db; sourceTree = "<group>"; };
/* End PBXFileReference section */

/* Begin PBXFrameworksBuildPhase section */
		FC16963C21D1F8C100C48487 /* Frameworks */ = {
			isa = PBXFrameworksBuildPhase;
			buildActionMask = 2147483647;
			files = (
				FC16966F21D1F9AE00C48487 /* SQLite.framework in Frameworks */,
				FC16966E21D1F99B00C48487 /* SQLite.framework in Frameworks */,
			);
			runOnlyForDeploymentPostprocessing = 0;
		};
/* End PBXFrameworksBuildPhase section */

/* Begin PBXGroup section */
		FC16963621D1F8C100C48487 = {
			isa = PBXGroup;
			children = (
				FC16964121D1F8C100C48487 /* MSDS */,
				FC16964021D1F8C100C48487 /* Products */,
				FC16965521D1F98400C48487 /* SQLite.xcodeproj */,
				FC16966D21D1F99B00C48487 /* Frameworks */,
			);
			sourceTree = "<group>";
		};
		FC16964021D1F8C100C48487 /* Products */ = {
			isa = PBXGroup;
			children = (
				FC16963F21D1F8C100C48487 /* MSDS.app */,
			);
			name = Products;
			sourceTree = "<group>";
		};
		FC16964121D1F8C100C48487 /* MSDS */ = {
			isa = PBXGroup;
			children = (
				FC16965421D1F8E500C48487 /* Supporting Files */,
				FC16964421D1F8C100C48487 /* ViewController.swift */,
				FC16964621D1F8C100C48487 /* Main.storyboard */,
				FC16964E21D1F8C300C48487 /* Info.plist */,
				FC16967721D3230D00C48487 /* msds.db */,
			);
			path = MSDS;
			sourceTree = "<group>";
		};
		FC16965421D1F8E500C48487 /* Supporting Files */ = {
			isa = PBXGroup;
			children = (
				FC16964221D1F8C100C48487 /* AppDelegate.swift */,
				FC16964921D1F8C300C48487 /* Assets.xcassets */,
				FC16964B21D1F8C300C48487 /* LaunchScreen.storyboard */,
			);
			path = "Supporting Files";
			sourceTree = "<group>";
		};
		FC16965621D1F98400C48487 /* Products */ = {
			isa = PBXGroup;
			children = (
				FC16966021D1F98500C48487 /* SQLite.framework */,
				FC16966221D1F98500C48487 /* SQLiteTests iOS.xctest */,
				FC16966421D1F98500C48487 /* SQLite.framework */,
				FC16966621D1F98500C48487 /* SQLiteTests Mac.xctest */,
				FC16966821D1F98500C48487 /* SQLite.framework */,
				FC16966A21D1F98500C48487 /* SQLiteTests tvOS.xctest */,
				FC16966C21D1F98500C48487 /* SQLite.framework */,
			);
			name = Products;
			sourceTree = "<group>";
		};
		FC16966D21D1F99B00C48487 /* Frameworks */ = {
			isa = PBXGroup;
			children = (
			);
			name = Frameworks;
			sourceTree = "<group>";
		};
/* End PBXGroup section */

/* Begin PBXNativeTarget section */
		FC16963E21D1F8C100C48487 /* MSDS */ = {
			isa = PBXNativeTarget;
			buildConfigurationList = FC16965121D1F8C300C48487 /* Build configuration list for PBXNativeTarget "MSDS" */;
			buildPhases = (
				FC16963B21D1F8C100C48487 /* Sources */,
				FC16963C21D1F8C100C48487 /* Frameworks */,
				FC16963D21D1F8C100C48487 /* Resources */,
				FC16967321D1F9AE00C48487 /* Embed Frameworks */,
			);
			buildRules = (
			);
			dependencies = (
				FC16967221D1F9AE00C48487 /* PBXTargetDependency */,
			);
			name = MSDS;
			productName = MSDS;
			productReference = FC16963F21D1F8C100C48487 /* MSDS.app */;
			productType = "com.apple.product-type.application";
		};
/* End PBXNativeTarget section */

/* Begin PBXProject section */
		FC16963721D1F8C100C48487 /* Project object */ = {
			isa = PBXProject;
			attributes = {
				LastSwiftUpdateCheck = 0940;
				LastUpgradeCheck = 0940;
				ORGANIZATIONNAME = "Dylan Buer";
				TargetAttributes = {
					FC16963E21D1F8C100C48487 = {
						CreatedOnToolsVersion = 9.4.1;
					};
				};
			};
			buildConfigurationList = FC16963A21D1F8C100C48487 /* Build configuration list for PBXProject "MSDS" */;
			compatibilityVersion = "Xcode 9.3";
			developmentRegion = en;
			hasScannedForEncodings = 0;
			knownRegions = (
				en,
				Base,
			);
			mainGroup = FC16963621D1F8C100C48487;
			productRefGroup = FC16964021D1F8C100C48487 /* Products */;
			projectDirPath = "";
			projectReferences = (
				{
					ProductGroup = FC16965621D1F98400C48487 /* Products */;
					ProjectRef = FC16965521D1F98400C48487 /* SQLite.xcodeproj */;
				},
			);
			projectRoot = "";
			targets = (
				FC16963E21D1F8C100C48487 /* MSDS */,
			);
		};
/* End PBXProject section */

/* Begin PBXReferenceProxy section */
		FC16966021D1F98500C48487 /* SQLite.framework */ = {
			isa = PBXReferenceProxy;
			fileType = wrapper.framework;
			path = SQLite.framework;
			remoteRef = FC16965F21D1F98500C48487 /* PBXContainerItemProxy */;
			sourceTree = BUILT_PRODUCTS_DIR;
		};
		FC16966221D1F98500C48487 /* SQLiteTests iOS.xctest */ = {
			isa = PBXReferenceProxy;
			fileType = wrapper.cfbundle;
			path = "SQLiteTests iOS.xctest";
			remoteRef = FC16966121D1F98500C48487 /* PBXContainerItemProxy */;
			sourceTree = BUILT_PRODUCTS_DIR;
		};
		FC16966421D1F98500C48487 /* SQLite.framework */ = {
			isa = PBXReferenceProxy;
			fileType = wrapper.framework;
			path = SQLite.framework;
			remoteRef = FC16966321D1F98500C48487 /* PBXContainerItemProxy */;
			sourceTree = BUILT_PRODUCTS_DIR;
		};
		FC16966621D1F98500C48487 /* SQLiteTests Mac.xctest */ = {
			isa = PBXReferenceProxy;
			fileType = wrapper.cfbundle;
			path = "SQLiteTests Mac.xctest";
			remoteRef = FC16966521D1F98500C48487 /* PBXContainerItemProxy */;
			sourceTree = BUILT_PRODUCTS_DIR;
		};
		FC16966821D1F98500C48487 /* SQLite.framework */ = {
			isa = PBXReferenceProxy;
			fileType = wrapper.framework;
			path = SQLite.framework;
			remoteRef = FC16966721D1F98500C48487 /* PBXContainerItemProxy */;
			sourceTree = BUILT_PRODUCTS_DIR;
		};
		FC16966A21D1F98500C48487 /* SQLiteTests tvOS.xctest */ = {
			isa = PBXReferenceProxy;
			fileType = wrapper.cfbundle;
			path = "SQLiteTests tvOS.xctest";
			remoteRef = FC16966921D1F98500C48487 /* PBXContainerItemProxy */;
			sourceTree = BUILT_PRODUCTS_DIR;
		};
		FC16966C21D1F98500C48487 /* SQLite.framework */ = {
			isa = PBXReferenceProxy;
			fileType = wrapper.framework;
			path = SQLite.framework;
			remoteRef = FC16966B21D1F98500C48487 /* PBXContainerItemProxy */;
			sourceTree = BUILT_PRODUCTS_DIR;
		};
/* End PBXReferenceProxy section */

/* Begin PBXResourcesBuildPhase section */
		FC16963D21D1F8C100C48487 /* Resources */ = {
			isa = PBXResourcesBuildPhase;
			buildActionMask = 2147483647;
			files = (
				FC16964D21D1F8C300C48487 /* LaunchScreen.storyboard in Resources */,
				FC16964A21D1F8C300C48487 /* Assets.xcassets in Resources */,
				FC16967821D3230D00C48487 /* msds.db in Resources */,
				FC16964821D1F8C100C48487 /* Main.storyboard in Resources */,
			);
			runOnlyForDeploymentPostprocessing = 0;
		};
/* End PBXResourcesBuildPhase section */

/* Begin PBXSourcesBuildPhase section */
		FC16963B21D1F8C100C48487 /* Sources */ = {
			isa = PBXSourcesBuildPhase;
			buildActionMask = 2147483647;
			files = (
				FC16964521D1F8C100C48487 /* ViewController.swift in Sources */,
				FC16964321D1F8C100C48487 /* AppDelegate.swift in Sources */,
			);
			runOnlyForDeploymentPostprocessing = 0;
		};
/* End PBXSourcesBuildPhase section */

/* Begin PBXTargetDependency section */
		FC16967221D1F9AE00C48487 /* PBXTargetDependency */ = {
			isa = PBXTargetDependency;
			name = "SQLite iOS";
			targetProxy = FC16967121D1F9AE00C48487 /* PBXContainerItemProxy */;
		};
/* End PBXTargetDependency section */

/* Begin PBXVariantGroup section */
		FC16964621D1F8C100C48487 /* Main.storyboard */ = {
			isa = PBXVariantGroup;
			children = (
				FC16964721D1F8C100C48487 /* Base */,
			);
			name = Main.storyboard;
			sourceTree = "<group>";
		};
		FC16964B21D1F8C300C48487 /* LaunchScreen.storyboard */ = {
			isa = PBXVariantGroup;
			children = (
				FC16964C21D1F8C300C48487 /* Base */,
			);
			name = LaunchScreen.storyboard;
			sourceTree = "<group>";
		};
/* End PBXVariantGroup section */

/* Begin XCBuildConfiguration section */
		FC16964F21D1F8C300C48487 /* Debug */ = {
			isa = XCBuildConfiguration;
			buildSettings = {
				ALWAYS_SEARCH_USER_PATHS = NO;
				CLANG_ANALYZER_NONNULL = YES;
				CLANG_ANALYZER_NUMBER_OBJECT_CONVERSION = YES_AGGRESSIVE;
				CLANG_CXX_LANGUAGE_STANDARD = "gnu++14";
				CLANG_CXX_LIBRARY = "libc++";
				CLANG_ENABLE_MODULES = YES;
				CLANG_ENABLE_OBJC_ARC = YES;
				CLANG_ENABLE_OBJC_WEAK = YES;
				CLANG_WARN_BLOCK_CAPTURE_AUTORELEASING = YES;
				CLANG_WARN_BOOL_CONVERSION = YES;
				CLANG_WARN_COMMA = YES;
				CLANG_WARN_CONSTANT_CONVERSION = YES;
				CLANG_WARN_DEPRECATED_OBJC_IMPLEMENTATIONS = YES;
				CLANG_WARN_DIRECT_OBJC_ISA_USAGE = YES_ERROR;
				CLANG_WARN_DOCUMENTATION_COMMENTS = YES;
				CLANG_WARN_EMPTY_BODY = YES;
				CLANG_WARN_ENUM_CONVERSION = YES;
				CLANG_WARN_INFINITE_RECURSION = YES;
				CLANG_WARN_INT_CONVERSION = YES;
				CLANG_WARN_NON_LITERAL_NULL_CONVERSION = YES;
				CLANG_WARN_OBJC_IMPLICIT_RETAIN_SELF = YES;
				CLANG_WARN_OBJC_LITERAL_CONVERSION = YES;
				CLANG_WARN_OBJC_ROOT_CLASS = YES_ERROR;
				CLANG_WARN_RANGE_LOOP_ANALYSIS = YES;
				CLANG_WARN_STRICT_PROTOTYPES = YES;
				CLANG_WARN_SUSPICIOUS_MOVE = YES;
				CLANG_WARN_UNGUARDED_AVAILABILITY = YES_AGGRESSIVE;
				CLANG_WARN_UNREACHABLE_CODE = YES;
				CLANG_WARN__DUPLICATE_METHOD_MATCH = YES;
				CODE_SIGN_IDENTITY = "iPhone Developer";
				COPY_PHASE_STRIP = NO;
				DEBUG_INFORMATION_FORMAT = dwarf;
				ENABLE_STRICT_OBJC_MSGSEND = YES;
				ENABLE_TESTABILITY = YES;
				GCC_C_LANGUAGE_STANDARD = gnu11;
				GCC_DYNAMIC_NO_PIC = NO;
				GCC_NO_COMMON_BLOCKS = YES;
				GCC_OPTIMIZATION_LEVEL = 0;
				GCC_PREPROCESSOR_DEFINITIONS = (
					"DEBUG=1",
					"$(inherited)",
				);
				GCC_WARN_64_TO_32_BIT_CONVERSION = YES;
				GCC_WARN_ABOUT_RETURN_TYPE = YES_ERROR;
				GCC_WARN_UNDECLARED_SELECTOR = YES;
				GCC_WARN_UNINITIALIZED_AUTOS = YES_AGGRESSIVE;
				GCC_WARN_UNUSED_FUNCTION = YES;
				GCC_WARN_UNUSED_VARIABLE = YES;
				IPHONEOS_DEPLOYMENT_TARGET = 11.4;
				MTL_ENABLE_DEBUG_INFO = YES;
				ONLY_ACTIVE_ARCH = YES;
				SDKROOT = iphoneos;
				SWIFT_ACTIVE_COMPILATION_CONDITIONS = DEBUG;
				SWIFT_OPTIMIZATION_LEVEL = "-Onone";
			};
			name = Debug;
		};
		FC16965021D1F8C300C48487 /* Release */ = {
			isa = XCBuildConfiguration;
			buildSettings = {
				ALWAYS_SEARCH_USER_PATHS = NO;
				CLANG_ANALYZER_NONNULL = YES;
				CLANG_ANALYZER_NUMBER_OBJECT_CONVERSION = YES_AGGRESSIVE;
				CLANG_CXX_LANGUAGE_STANDARD = "gnu++14";
				CLANG_CXX_LIBRARY = "libc++";
				CLANG_ENABLE_MODULES = YES;
				CLANG_ENABLE_OBJC_ARC = YES;
				CLANG_ENABLE_OBJC_WEAK = YES;
				CLANG_WARN_BLOCK_CAPTURE_AUTORELEASING = YES;
				CLANG_WARN_BOOL_CONVERSION = YES;
				CLANG_WARN_COMMA = YES;
				CLANG_WARN_CONSTANT_CONVERSION = YES;
				CLANG_WARN_DEPRECATED_OBJC_IMPLEMENTATIONS = YES;
				CLANG_WARN_DIRECT_OBJC_ISA_USAGE = YES_ERROR;
				CLANG_WARN_DOCUMENTATION_COMMENTS = YES;
				CLANG_WARN_EMPTY_BODY = YES;
				CLANG_WARN_ENUM_CONVERSION = YES;
				CLANG_WARN_INFINITE_RECURSION = YES;
				CLANG_WARN_INT_CONVERSION = YES;
				CLANG_WARN_NON_LITERAL_NULL_CONVERSION = YES;
				CLANG_WARN_OBJC_IMPLICIT_RETAIN_SELF = YES;
				CLANG_WARN_OBJC_LITERAL_CONVERSION = YES;
				CLANG_WARN_OBJC_ROOT_CLASS = YES_ERROR;
				CLANG_WARN_RANGE_LOOP_ANALYSIS = YES;
				CLANG_WARN_STRICT_PROTOTYPES = YES;
				CLANG_WARN_SUSPICIOUS_MOVE = YES;
				CLANG_WARN_UNGUARDED_AVAILABILITY = YES_AGGRESSIVE;
				CLANG_WARN_UNREACHABLE_CODE = YES;
				CLANG_WARN__DUPLICATE_METHOD_MATCH = YES;
				CODE_SIGN_IDENTITY = "iPhone Developer";
				COPY_PHASE_STRIP = NO;
				DEBUG_INFORMATION_FORMAT = "dwarf-with-dsym";
				ENABLE_NS_ASSERTIONS = NO;
				ENABLE_STRICT_OBJC_MSGSEND = YES;
				GCC_C_LANGUAGE_STANDARD = gnu11;
				GCC_NO_COMMON_BLOCKS = YES;
				GCC_WARN_64_TO_32_BIT_CONVERSION = YES;
				GCC_WARN_ABOUT_RETURN_TYPE = YES_ERROR;
				GCC_WARN_UNDECLARED_SELECTOR = YES;
				GCC_WARN_UNINITIALIZED_AUTOS = YES_AGGRESSIVE;
				GCC_WARN_UNUSED_FUNCTION = YES;
				GCC_WARN_UNUSED_VARIABLE = YES;
				IPHONEOS_DEPLOYMENT_TARGET = 11.4;
				MTL_ENABLE_DEBUG_INFO = NO;
				SDKROOT = iphoneos;
				SWIFT_COMPILATION_MODE = wholemodule;
				SWIFT_OPTIMIZATION_LEVEL = "-O";
				VALIDATE_PRODUCT = YES;
			};
			name = Release;
		};
		FC16965221D1F8C300C48487 /* Debug */ = {
			isa = XCBuildConfiguration;
			buildSettings = {
				ALWAYS_EMBED_SWIFT_STANDARD_LIBRARIES = YES;
				ASSETCATALOG_COMPILER_APPICON_NAME = AppIcon;
				CODE_SIGN_STYLE = Automatic;
				INFOPLIST_FILE = MSDS/Info.plist;
				LD_RUNPATH_SEARCH_PATHS = (
					"$(inherited)",
					"@executable_path/Frameworks",
				);
				PRODUCT_BUNDLE_IDENTIFIER = com.dbuer.MSDS;
				PRODUCT_NAME = "$(TARGET_NAME)";
				SWIFT_VERSION = 4.0;
				TARGETED_DEVICE_FAMILY = "1,2";
			};
			name = Debug;
		};
		FC16965321D1F8C300C48487 /* Release */ = {
			isa = XCBuildConfiguration;
			buildSettings = {
				ALWAYS_EMBED_SWIFT_STANDARD_LIBRARIES = YES;
				ASSETCATALOG_COMPILER_APPICON_NAME = AppIcon;
				CODE_SIGN_STYLE = Automatic;
				INFOPLIST_FILE = MSDS/Info.plist;
				LD_RUNPATH_SEARCH_PATHS = (
					"$(inherited)",
					"@executable_path/Frameworks",
				);
				PRODUCT_BUNDLE_IDENTIFIER = com.dbuer.MSDS;
				PRODUCT_NAME = "$(TARGET_NAME)";
				SWIFT_VERSION = 4.0;
				TARGETED_DEVICE_FAMILY = "1,2";
			};
			name = Release;
		};
/* End XCBuildConfiguration section */

/* Begin XCConfigurationList section */
		FC16963A21D1F8C100C48487 /* Build configuration list for PBXProject "MSDS" */ = {
			isa = XCConfigurationList;
			buildConfigurations = (
				FC16964F21D1F8C300C48487 /* Debug */,
				FC16965021D1F8C300C48487 /* Release */,
			);
			defaultConfigurationIsVisible = 0;
			defaultConfigurationName = Release;
		};
		FC16965121D1F8C300C48487 /* Build configuration list for PBXNativeTarget "MSDS" */ = {
			isa = XCConfigurationList;
			buildConfigurations = (
				FC16965221D1F8C300C48487 /* Debug */,
				FC16965321D1F8C300C48487 /* Release */,
			);
			defaultConfigurationIsVisible = 0;
			defaultConfigurationName = Release;
		};
/* End XCConfigurationList section */
	};
	rootObject = FC16963721D1F8C100C48487 /* Project object */;
}
